
Microsoft Visual Studio Solution File, Format Version 12.00
# Visual Studio Version 16
VisualStudioVersion = 16.0.31321.278
MinimumVisualStudioVersion = 10.0.40219.1
Project("{FAE04EC0-301F-11D3-BF4B-00C04F79EFBC}") = "Zadanie7", "Zadanie7\Zadanie7.csproj", "{2C6AA002-EEEB-4D37-B19A-D4D519D11EAD}"
EndProject
Global
	GlobalSection(SolutionConfigurationPlatforms) = preSolution
		Debug|Any CPU = Debug|Any CPU
		Release|Any CPU = Release|Any CPU
	EndGlobalSection
	GlobalSection(ProjectConfigurationPlatforms) = postSolution
		{2C6AA002-EEEB-4D37-B19A-D4D519D11EAD}.Debug|Any CPU.ActiveCfg = Debug|Any CPU
		{2C6AA002-EEEB-4D37-B19A-D4D519D11EAD}.Debug|Any CPU.Build.0 = Debug|Any CPU
		{2C6AA002-EEEB-4D37-B19A-D4D519D11EAD}.Release|Any CPU.ActiveCfg = Release|Any CPU
		{2C6AA002-EEEB-4D37-B19A-D4D519D11EAD}.Release|Any CPU.Build.0 = Release|Any CPU
	EndGlobalSection
	GlobalSection(SolutionProperties) = preSolution
		HideSolutionNode = FALSE
	EndGlobalSection
	GlobalSection(ExtensibilityGlobals) = postSolution
		SolutionGuid = {E114AFE1-570D-4801-831E-3061F6D8732C}
	EndGlobalSection
EndGlobal
