
Microsoft Visual Studio Solution File, Format Version 12.00
# Visual Studio Version 17
VisualStudioVersion = 17.0.32014.148
MinimumVisualStudioVersion = 10.0.40219.1
Project("{FAE04EC0-301F-11D3-BF4B-00C04F79EFBC}") = "AplicationServies", "AplicationServies\AplicationServies.csproj", "{2132E40C-3324-4260-8041-C014886301B1}"
EndProject
Global
	GlobalSection(SolutionConfigurationPlatforms) = preSolution
		Debug|Any CPU = Debug|Any CPU
		Release|Any CPU = Release|Any CPU
	EndGlobalSection
	GlobalSection(ProjectConfigurationPlatforms) = postSolution
		{2132E40C-3324-4260-8041-C014886301B1}.Debug|Any CPU.ActiveCfg = Debug|Any CPU
		{2132E40C-3324-4260-8041-C014886301B1}.Debug|Any CPU.Build.0 = Debug|Any CPU
		{2132E40C-3324-4260-8041-C014886301B1}.Release|Any CPU.ActiveCfg = Release|Any CPU
		{2132E40C-3324-4260-8041-C014886301B1}.Release|Any CPU.Build.0 = Release|Any CPU
	EndGlobalSection
	GlobalSection(SolutionProperties) = preSolution
		HideSolutionNode = FALSE
	EndGlobalSection
	GlobalSection(ExtensibilityGlobals) = postSolution
		SolutionGuid = {D2EFBB6D-F570-4C82-BBD3-EF6394CD9ED9}
	EndGlobalSection
EndGlobal
