
Microsoft Visual Studio Solution File, Format Version 12.00
# Visual Studio Version 16
VisualStudioVersion = 16.0.31025.194
MinimumVisualStudioVersion = 10.0.40219.1
Project("{FAE04EC0-301F-11D3-BF4B-00C04F79EFBC}") = "Zadanie1", "Zadanie1\Zadanie1.csproj", "{0407A223-771A-4CCB-9FF3-D385211098D1}"
EndProject
Global
	GlobalSection(SolutionConfigurationPlatforms) = preSolution
		Debug|Any CPU = Debug|Any CPU
		Release|Any CPU = Release|Any CPU
	EndGlobalSection
	GlobalSection(ProjectConfigurationPlatforms) = postSolution
		{0407A223-771A-4CCB-9FF3-D385211098D1}.Debug|Any CPU.ActiveCfg = Debug|Any CPU
		{0407A223-771A-4CCB-9FF3-D385211098D1}.Debug|Any CPU.Build.0 = Debug|Any CPU
		{0407A223-771A-4CCB-9FF3-D385211098D1}.Release|Any CPU.ActiveCfg = Release|Any CPU
		{0407A223-771A-4CCB-9FF3-D385211098D1}.Release|Any CPU.Build.0 = Release|Any CPU
	EndGlobalSection
	GlobalSection(SolutionProperties) = preSolution
		HideSolutionNode = FALSE
	EndGlobalSection
	GlobalSection(ExtensibilityGlobals) = postSolution
		SolutionGuid = {48EC5E7E-56D0-4017-B540-8EAFF995EF8A}
	EndGlobalSection
EndGlobal
