
Microsoft Visual Studio Solution File, Format Version 12.00
# Visual Studio Version 16
VisualStudioVersion = 16.0.31025.194
MinimumVisualStudioVersion = 10.0.40219.1
Project("{FAE04EC0-301F-11D3-BF4B-00C04F79EFBC}") = "Zadanie7", "Zadanie7\Zadanie7.csproj", "{8C3BC49C-3063-4798-AA8C-0407960DB13E}"
EndProject
Global
	GlobalSection(SolutionConfigurationPlatforms) = preSolution
		Debug|Any CPU = Debug|Any CPU
		Release|Any CPU = Release|Any CPU
	EndGlobalSection
	GlobalSection(ProjectConfigurationPlatforms) = postSolution
		{8C3BC49C-3063-4798-AA8C-0407960DB13E}.Debug|Any CPU.ActiveCfg = Debug|Any CPU
		{8C3BC49C-3063-4798-AA8C-0407960DB13E}.Debug|Any CPU.Build.0 = Debug|Any CPU
		{8C3BC49C-3063-4798-AA8C-0407960DB13E}.Release|Any CPU.ActiveCfg = Release|Any CPU
		{8C3BC49C-3063-4798-AA8C-0407960DB13E}.Release|Any CPU.Build.0 = Release|Any CPU
	EndGlobalSection
	GlobalSection(SolutionProperties) = preSolution
		HideSolutionNode = FALSE
	EndGlobalSection
	GlobalSection(ExtensibilityGlobals) = postSolution
		SolutionGuid = {5BEA072F-22A3-496F-BA67-783BB786B7C5}
	EndGlobalSection
EndGlobal
