
Microsoft Visual Studio Solution File, Format Version 12.00
# Visual Studio Version 16
VisualStudioVersion = 16.0.31025.194
MinimumVisualStudioVersion = 10.0.40219.1
Project("{FAE04EC0-301F-11D3-BF4B-00C04F79EFBC}") = "Zadanie5", "Zadanie5\Zadanie5.csproj", "{930F9C4F-23CF-449C-8E3F-EE454523B03E}"
EndProject
Global
	GlobalSection(SolutionConfigurationPlatforms) = preSolution
		Debug|Any CPU = Debug|Any CPU
		Release|Any CPU = Release|Any CPU
	EndGlobalSection
	GlobalSection(ProjectConfigurationPlatforms) = postSolution
		{930F9C4F-23CF-449C-8E3F-EE454523B03E}.Debug|Any CPU.ActiveCfg = Debug|Any CPU
		{930F9C4F-23CF-449C-8E3F-EE454523B03E}.Debug|Any CPU.Build.0 = Debug|Any CPU
		{930F9C4F-23CF-449C-8E3F-EE454523B03E}.Release|Any CPU.ActiveCfg = Release|Any CPU
		{930F9C4F-23CF-449C-8E3F-EE454523B03E}.Release|Any CPU.Build.0 = Release|Any CPU
	EndGlobalSection
	GlobalSection(SolutionProperties) = preSolution
		HideSolutionNode = FALSE
	EndGlobalSection
	GlobalSection(ExtensibilityGlobals) = postSolution
		SolutionGuid = {A6332B08-EB2B-49F9-8BAC-E49C8504A6C4}
	EndGlobalSection
EndGlobal
