
Microsoft Visual Studio Solution File, Format Version 12.00
# Visual Studio Version 16
VisualStudioVersion = 16.0.31025.194
MinimumVisualStudioVersion = 10.0.40219.1
Project("{FAE04EC0-301F-11D3-BF4B-00C04F79EFBC}") = "Zadanie1", "Zadanie1\Zadanie1.csproj", "{61E14AA9-F61B-479F-80C7-EDEC15EB6FED}"
EndProject
Global
	GlobalSection(SolutionConfigurationPlatforms) = preSolution
		Debug|Any CPU = Debug|Any CPU
		Release|Any CPU = Release|Any CPU
	EndGlobalSection
	GlobalSection(ProjectConfigurationPlatforms) = postSolution
		{61E14AA9-F61B-479F-80C7-EDEC15EB6FED}.Debug|Any CPU.ActiveCfg = Debug|Any CPU
		{61E14AA9-F61B-479F-80C7-EDEC15EB6FED}.Debug|Any CPU.Build.0 = Debug|Any CPU
		{61E14AA9-F61B-479F-80C7-EDEC15EB6FED}.Release|Any CPU.ActiveCfg = Release|Any CPU
		{61E14AA9-F61B-479F-80C7-EDEC15EB6FED}.Release|Any CPU.Build.0 = Release|Any CPU
	EndGlobalSection
	GlobalSection(SolutionProperties) = preSolution
		HideSolutionNode = FALSE
	EndGlobalSection
	GlobalSection(ExtensibilityGlobals) = postSolution
		SolutionGuid = {BA57040A-EC40-4F62-9B71-B308ED911B75}
	EndGlobalSection
EndGlobal
