
Microsoft Visual Studio Solution File, Format Version 12.00
# Visual Studio Version 16
VisualStudioVersion = 16.0.31025.194
MinimumVisualStudioVersion = 10.0.40219.1
Project("{FAE04EC0-301F-11D3-BF4B-00C04F79EFBC}") = "Zadanie2", "Zadanie2\Zadanie2.csproj", "{AD05DFF7-B3A1-41A5-AA8E-90DEDFBB66F5}"
EndProject
Global
	GlobalSection(SolutionConfigurationPlatforms) = preSolution
		Debug|Any CPU = Debug|Any CPU
		Release|Any CPU = Release|Any CPU
	EndGlobalSection
	GlobalSection(ProjectConfigurationPlatforms) = postSolution
		{AD05DFF7-B3A1-41A5-AA8E-90DEDFBB66F5}.Debug|Any CPU.ActiveCfg = Debug|Any CPU
		{AD05DFF7-B3A1-41A5-AA8E-90DEDFBB66F5}.Debug|Any CPU.Build.0 = Debug|Any CPU
		{AD05DFF7-B3A1-41A5-AA8E-90DEDFBB66F5}.Release|Any CPU.ActiveCfg = Release|Any CPU
		{AD05DFF7-B3A1-41A5-AA8E-90DEDFBB66F5}.Release|Any CPU.Build.0 = Release|Any CPU
	EndGlobalSection
	GlobalSection(SolutionProperties) = preSolution
		HideSolutionNode = FALSE
	EndGlobalSection
	GlobalSection(ExtensibilityGlobals) = postSolution
		SolutionGuid = {070DE7B7-9825-4084-BB88-A3DE5523569B}
	EndGlobalSection
EndGlobal
