
Microsoft Visual Studio Solution File, Format Version 12.00
# Visual Studio Version 16
VisualStudioVersion = 16.0.31025.194
MinimumVisualStudioVersion = 10.0.40219.1
Project("{FAE04EC0-301F-11D3-BF4B-00C04F79EFBC}") = "Zadanie2", "Zadanie2\Zadanie2.csproj", "{F1F6D72E-E3F7-4CB1-8322-F8E4B4A1B692}"
EndProject
Global
	GlobalSection(SolutionConfigurationPlatforms) = preSolution
		Debug|Any CPU = Debug|Any CPU
		Release|Any CPU = Release|Any CPU
	EndGlobalSection
	GlobalSection(ProjectConfigurationPlatforms) = postSolution
		{F1F6D72E-E3F7-4CB1-8322-F8E4B4A1B692}.Debug|Any CPU.ActiveCfg = Debug|Any CPU
		{F1F6D72E-E3F7-4CB1-8322-F8E4B4A1B692}.Debug|Any CPU.Build.0 = Debug|Any CPU
		{F1F6D72E-E3F7-4CB1-8322-F8E4B4A1B692}.Release|Any CPU.ActiveCfg = Release|Any CPU
		{F1F6D72E-E3F7-4CB1-8322-F8E4B4A1B692}.Release|Any CPU.Build.0 = Release|Any CPU
	EndGlobalSection
	GlobalSection(SolutionProperties) = preSolution
		HideSolutionNode = FALSE
	EndGlobalSection
	GlobalSection(ExtensibilityGlobals) = postSolution
		SolutionGuid = {820AA9DD-101D-42A4-99C9-A07668B78854}
	EndGlobalSection
EndGlobal
