
Microsoft Visual Studio Solution File, Format Version 12.00
# Visual Studio Version 16
VisualStudioVersion = 16.0.31025.194
MinimumVisualStudioVersion = 10.0.40219.1
Project("{FAE04EC0-301F-11D3-BF4B-00C04F79EFBC}") = "Zadanie3", "Zadanie3\Zadanie3.csproj", "{808AACF8-5418-4757-95D8-5892629C834A}"
EndProject
Global
	GlobalSection(SolutionConfigurationPlatforms) = preSolution
		Debug|Any CPU = Debug|Any CPU
		Release|Any CPU = Release|Any CPU
	EndGlobalSection
	GlobalSection(ProjectConfigurationPlatforms) = postSolution
		{808AACF8-5418-4757-95D8-5892629C834A}.Debug|Any CPU.ActiveCfg = Debug|Any CPU
		{808AACF8-5418-4757-95D8-5892629C834A}.Debug|Any CPU.Build.0 = Debug|Any CPU
		{808AACF8-5418-4757-95D8-5892629C834A}.Release|Any CPU.ActiveCfg = Release|Any CPU
		{808AACF8-5418-4757-95D8-5892629C834A}.Release|Any CPU.Build.0 = Release|Any CPU
	EndGlobalSection
	GlobalSection(SolutionProperties) = preSolution
		HideSolutionNode = FALSE
	EndGlobalSection
	GlobalSection(ExtensibilityGlobals) = postSolution
		SolutionGuid = {B2B6B06D-D973-44A1-845D-5356352A90A1}
	EndGlobalSection
EndGlobal
