
Microsoft Visual Studio Solution File, Format Version 12.00
# Visual Studio Version 17
VisualStudioVersion = 17.0.32014.148
MinimumVisualStudioVersion = 10.0.40219.1
Project("{FAE04EC0-301F-11D3-BF4B-00C04F79EFBC}") = "Zadanie3", "Zadanie3\Zadanie3.csproj", "{51EA07FD-5E8A-4F04-8076-783047A490CA}"
EndProject
Global
	GlobalSection(SolutionConfigurationPlatforms) = preSolution
		Debug|Any CPU = Debug|Any CPU
		Release|Any CPU = Release|Any CPU
	EndGlobalSection
	GlobalSection(ProjectConfigurationPlatforms) = postSolution
		{51EA07FD-5E8A-4F04-8076-783047A490CA}.Debug|Any CPU.ActiveCfg = Debug|Any CPU
		{51EA07FD-5E8A-4F04-8076-783047A490CA}.Debug|Any CPU.Build.0 = Debug|Any CPU
		{51EA07FD-5E8A-4F04-8076-783047A490CA}.Release|Any CPU.ActiveCfg = Release|Any CPU
		{51EA07FD-5E8A-4F04-8076-783047A490CA}.Release|Any CPU.Build.0 = Release|Any CPU
	EndGlobalSection
	GlobalSection(SolutionProperties) = preSolution
		HideSolutionNode = FALSE
	EndGlobalSection
	GlobalSection(ExtensibilityGlobals) = postSolution
		SolutionGuid = {38ED009A-00DA-4A47-AE3E-5FF438DC3557}
	EndGlobalSection
EndGlobal
