
Microsoft Visual Studio Solution File, Format Version 12.00
# Visual Studio Version 16
VisualStudioVersion = 16.0.31025.194
MinimumVisualStudioVersion = 10.0.40219.1
Project("{FAE04EC0-301F-11D3-BF4B-00C04F79EFBC}") = "WebApplication1", "WebApplication1\WebApplication1.csproj", "{02339A36-DF77-4A14-AE29-80841ABE6434}"
EndProject
Global
	GlobalSection(SolutionConfigurationPlatforms) = preSolution
		Debug|Any CPU = Debug|Any CPU
		Release|Any CPU = Release|Any CPU
	EndGlobalSection
	GlobalSection(ProjectConfigurationPlatforms) = postSolution
		{02339A36-DF77-4A14-AE29-80841ABE6434}.Debug|Any CPU.ActiveCfg = Debug|Any CPU
		{02339A36-DF77-4A14-AE29-80841ABE6434}.Debug|Any CPU.Build.0 = Debug|Any CPU
		{02339A36-DF77-4A14-AE29-80841ABE6434}.Release|Any CPU.ActiveCfg = Release|Any CPU
		{02339A36-DF77-4A14-AE29-80841ABE6434}.Release|Any CPU.Build.0 = Release|Any CPU
	EndGlobalSection
	GlobalSection(SolutionProperties) = preSolution
		HideSolutionNode = FALSE
	EndGlobalSection
	GlobalSection(ExtensibilityGlobals) = postSolution
		SolutionGuid = {FE8C56B7-3E87-4B21-BF8E-873D8019CF95}
	EndGlobalSection
EndGlobal
