
Microsoft Visual Studio Solution File, Format Version 12.00
# Visual Studio Version 16
VisualStudioVersion = 16.0.31321.278
MinimumVisualStudioVersion = 10.0.40219.1
Project("{FAE04EC0-301F-11D3-BF4B-00C04F79EFBC}") = "Zadanie4", "Zadanie4\Zadanie4.csproj", "{206E703A-E65B-412F-9F29-EC600A71DAB2}"
EndProject
Global
	GlobalSection(SolutionConfigurationPlatforms) = preSolution
		Debug|Any CPU = Debug|Any CPU
		Release|Any CPU = Release|Any CPU
	EndGlobalSection
	GlobalSection(ProjectConfigurationPlatforms) = postSolution
		{206E703A-E65B-412F-9F29-EC600A71DAB2}.Debug|Any CPU.ActiveCfg = Debug|Any CPU
		{206E703A-E65B-412F-9F29-EC600A71DAB2}.Debug|Any CPU.Build.0 = Debug|Any CPU
		{206E703A-E65B-412F-9F29-EC600A71DAB2}.Release|Any CPU.ActiveCfg = Release|Any CPU
		{206E703A-E65B-412F-9F29-EC600A71DAB2}.Release|Any CPU.Build.0 = Release|Any CPU
	EndGlobalSection
	GlobalSection(SolutionProperties) = preSolution
		HideSolutionNode = FALSE
	EndGlobalSection
	GlobalSection(ExtensibilityGlobals) = postSolution
		SolutionGuid = {4CED5C48-8839-4A0A-8C78-6CE9EE2E89C4}
	EndGlobalSection
EndGlobal
